
Microsoft Visual Studio Solution File, Format Version 12.00
# Visual Studio Version 16
VisualStudioVersion = 16.0.29905.134
MinimumVisualStudioVersion = 10.0.40219.1
Project("{FAE04EC0-301F-11D3-BF4B-00C04F79EFBC}") = "SalesWebMvc", "SalesWebMvc\SalesWebMvc.csproj", "{1D693BEF-4B4A-493F-949D-F77AD20131A8}"
EndProject
Global
	GlobalSection(SolutionConfigurationPlatforms) = preSolution
		Debug|Any CPU = Debug|Any CPU
		Release|Any CPU = Release|Any CPU
	EndGlobalSection
	GlobalSection(ProjectConfigurationPlatforms) = postSolution
		{1D693BEF-4B4A-493F-949D-F77AD20131A8}.Debug|Any CPU.ActiveCfg = Debug|Any CPU
		{1D693BEF-4B4A-493F-949D-F77AD20131A8}.Debug|Any CPU.Build.0 = Debug|Any CPU
		{1D693BEF-4B4A-493F-949D-F77AD20131A8}.Release|Any CPU.ActiveCfg = Release|Any CPU
		{1D693BEF-4B4A-493F-949D-F77AD20131A8}.Release|Any CPU.Build.0 = Release|Any CPU
	EndGlobalSection
	GlobalSection(SolutionProperties) = preSolution
		HideSolutionNode = FALSE
	EndGlobalSection
	GlobalSection(ExtensibilityGlobals) = postSolution
		SolutionGuid = {69E27113-3ACA-4634-8BC8-9A8A8675B52E}
	EndGlobalSection
EndGlobal
